
Microsoft Visual Studio Solution File, Format Version 12.00
# Visual Studio Version 17
VisualStudioVersion = 17.7.34221.43
MinimumVisualStudioVersion = 10.0.40219.1
Project("{9A19103F-16F7-4668-BE54-9A1E7A4F7556}") = "congestion-tax-calculator-net-core", "congestion-tax-calculator-net-core.csproj", "{664B70AE-DAA0-4BD0-A0F9-5A0B99497CE3}"
EndProject
Global
	GlobalSection(SolutionConfigurationPlatforms) = preSolution
		Debug|Any CPU = Debug|Any CPU
		Release|Any CPU = Release|Any CPU
	EndGlobalSection
	GlobalSection(ProjectConfigurationPlatforms) = postSolution
		{664B70AE-DAA0-4BD0-A0F9-5A0B99497CE3}.Debug|Any CPU.ActiveCfg = Debug|Any CPU
		{664B70AE-DAA0-4BD0-A0F9-5A0B99497CE3}.Debug|Any CPU.Build.0 = Debug|Any CPU
		{664B70AE-DAA0-4BD0-A0F9-5A0B99497CE3}.Release|Any CPU.ActiveCfg = Release|Any CPU
		{664B70AE-DAA0-4BD0-A0F9-5A0B99497CE3}.Release|Any CPU.Build.0 = Release|Any CPU
	EndGlobalSection
	GlobalSection(SolutionProperties) = preSolution
		HideSolutionNode = FALSE
	EndGlobalSection
	GlobalSection(ExtensibilityGlobals) = postSolution
		SolutionGuid = {08E21D0D-DF33-46A0-801D-4190C038797B}
	EndGlobalSection
EndGlobal
